// !$*UTF8*$!
{
	archiveVersion = 1;
	classes = {
	};
	objectVersion = 46;
	objects = {

/* Begin PBXBuildFile section */
		4786EE3C1C6C7FD600C3AF02 /* NickViewController.swift in Sources */ = {isa = PBXBuildFile; fileRef = 4786EE3B1C6C7FD600C3AF02 /* NickViewController.swift */; };
		5284D12F1C6C80FD00A21FA6 /* MintViewController.swift in Sources */ = {isa = PBXBuildFile; fileRef = 5284D12E1C6C80FD00A21FA6 /* MintViewController.swift */; settings = {ASSET_TAGS = (); }; };
		52D844511C6C6FC7006C8455 /* AppDelegate.swift in Sources */ = {isa = PBXBuildFile; fileRef = 52D844501C6C6FC7006C8455 /* AppDelegate.swift */; };
		52D844531C6C6FC7006C8455 /* ViewController.swift in Sources */ = {isa = PBXBuildFile; fileRef = 52D844521C6C6FC7006C8455 /* ViewController.swift */; };
		52D844561C6C6FC7006C8455 /* Main.storyboard in Resources */ = {isa = PBXBuildFile; fileRef = 52D844541C6C6FC7006C8455 /* Main.storyboard */; };
		52D844581C6C6FC7006C8455 /* Assets.xcassets in Resources */ = {isa = PBXBuildFile; fileRef = 52D844571C6C6FC7006C8455 /* Assets.xcassets */; };
		52D8445B1C6C6FC7006C8455 /* LaunchScreen.storyboard in Resources */ = {isa = PBXBuildFile; fileRef = 52D844591C6C6FC7006C8455 /* LaunchScreen.storyboard */; };
		52D844661C6C6FC7006C8455 /* TestRepositoryLTCTests.swift in Sources */ = {isa = PBXBuildFile; fileRef = 52D844651C6C6FC7006C8455 /* TestRepositoryLTCTests.swift */; };
/* End PBXBuildFile section */

/* Begin PBXContainerItemProxy section */
		52D844621C6C6FC7006C8455 /* PBXContainerItemProxy */ = {
			isa = PBXContainerItemProxy;
			containerPortal = 52D844451C6C6FC7006C8455 /* Project object */;
			proxyType = 1;
			remoteGlobalIDString = 52D8444C1C6C6FC7006C8455;
			remoteInfo = TestRepositoryLTC;
		};
/* End PBXContainerItemProxy section */

/* Begin PBXFileReference section */
		4786EE3B1C6C7FD600C3AF02 /* NickViewController.swift */ = {isa = PBXFileReference; fileEncoding = 4; lastKnownFileType = sourcecode.swift; path = NickViewController.swift; sourceTree = "<group>"; };
		5284D12E1C6C80FD00A21FA6 /* MintViewController.swift */ = {isa = PBXFileReference; fileEncoding = 4; lastKnownFileType = sourcecode.swift; path = MintViewController.swift; sourceTree = "<group>"; };
		52D8444D1C6C6FC7006C8455 /* TestRepositoryLTC.app */ = {isa = PBXFileReference; explicitFileType = wrapper.application; includeInIndex = 0; path = TestRepositoryLTC.app; sourceTree = BUILT_PRODUCTS_DIR; };
		52D844501C6C6FC7006C8455 /* AppDelegate.swift */ = {isa = PBXFileReference; lastKnownFileType = sourcecode.swift; path = AppDelegate.swift; sourceTree = "<group>"; };
		52D844521C6C6FC7006C8455 /* ViewController.swift */ = {isa = PBXFileReference; lastKnownFileType = sourcecode.swift; path = ViewController.swift; sourceTree = "<group>"; };
		52D844551C6C6FC7006C8455 /* Base */ = {isa = PBXFileReference; lastKnownFileType = file.storyboard; name = Base; path = Base.lproj/Main.storyboard; sourceTree = "<group>"; };
		52D844571C6C6FC7006C8455 /* Assets.xcassets */ = {isa = PBXFileReference; lastKnownFileType = folder.assetcatalog; path = Assets.xcassets; sourceTree = "<group>"; };
		52D8445A1C6C6FC7006C8455 /* Base */ = {isa = PBXFileReference; lastKnownFileType = file.storyboard; name = Base; path = Base.lproj/LaunchScreen.storyboard; sourceTree = "<group>"; };
		52D8445C1C6C6FC7006C8455 /* Info.plist */ = {isa = PBXFileReference; lastKnownFileType = text.plist.xml; path = Info.plist; sourceTree = "<group>"; };
		52D844611C6C6FC7006C8455 /* TestRepositoryLTCTests.xctest */ = {isa = PBXFileReference; explicitFileType = wrapper.cfbundle; includeInIndex = 0; path = TestRepositoryLTCTests.xctest; sourceTree = BUILT_PRODUCTS_DIR; };
		52D844651C6C6FC7006C8455 /* TestRepositoryLTCTests.swift */ = {isa = PBXFileReference; lastKnownFileType = sourcecode.swift; path = TestRepositoryLTCTests.swift; sourceTree = "<group>"; };
		52D844671C6C6FC7006C8455 /* Info.plist */ = {isa = PBXFileReference; lastKnownFileType = text.plist.xml; path = Info.plist; sourceTree = "<group>"; };
/* End PBXFileReference section */

/* Begin PBXFrameworksBuildPhase section */
		52D8444A1C6C6FC7006C8455 /* Frameworks */ = {
			isa = PBXFrameworksBuildPhase;
			buildActionMask = 2147483647;
			files = (
			);
			runOnlyForDeploymentPostprocessing = 0;
		};
		52D8445E1C6C6FC7006C8455 /* Frameworks */ = {
			isa = PBXFrameworksBuildPhase;
			buildActionMask = 2147483647;
			files = (
			);
			runOnlyForDeploymentPostprocessing = 0;
		};
/* End PBXFrameworksBuildPhase section */

/* Begin PBXGroup section */
		52D844441C6C6FC7006C8455 = {
			isa = PBXGroup;
			children = (
				52D8444F1C6C6FC7006C8455 /* TestRepositoryLTC */,
				52D844641C6C6FC7006C8455 /* TestRepositoryLTCTests */,
				52D8444E1C6C6FC7006C8455 /* Products */,
			);
			sourceTree = "<group>";
		};
		52D8444E1C6C6FC7006C8455 /* Products */ = {
			isa = PBXGroup;
			children = (
				52D8444D1C6C6FC7006C8455 /* TestRepositoryLTC.app */,
				52D844611C6C6FC7006C8455 /* TestRepositoryLTCTests.xctest */,
			);
			name = Products;
			sourceTree = "<group>";
		};
		52D8444F1C6C6FC7006C8455 /* TestRepositoryLTC */ = {
			isa = PBXGroup;
			children = (
				52D844501C6C6FC7006C8455 /* AppDelegate.swift */,
				52D844521C6C6FC7006C8455 /* ViewController.swift */,
				52D844541C6C6FC7006C8455 /* Main.storyboard */,
				52D844571C6C6FC7006C8455 /* Assets.xcassets */,
				52D844591C6C6FC7006C8455 /* LaunchScreen.storyboard */,
				52D8445C1C6C6FC7006C8455 /* Info.plist */,
				4786EE3B1C6C7FD600C3AF02 /* NickViewController.swift */,
				5284D12E1C6C80FD00A21FA6 /* MintViewController.swift */,
			);
			path = TestRepositoryLTC;
			sourceTree = "<group>";
		};
		52D844641C6C6FC7006C8455 /* TestRepositoryLTCTests */ = {
			isa = PBXGroup;
			children = (
				52D844651C6C6FC7006C8455 /* TestRepositoryLTCTests.swift */,
				52D844671C6C6FC7006C8455 /* Info.plist */,
			);
			path = TestRepositoryLTCTests;
			sourceTree = "<group>";
		};
/* End PBXGroup section */

/* Begin PBXNativeTarget section */
		52D8444C1C6C6FC7006C8455 /* TestRepositoryLTC */ = {
			isa = PBXNativeTarget;
			buildConfigurationList = 52D8446A1C6C6FC7006C8455 /* Build configuration list for PBXNativeTarget "TestRepositoryLTC" */;
			buildPhases = (
				52D844491C6C6FC7006C8455 /* Sources */,
				52D8444A1C6C6FC7006C8455 /* Frameworks */,
				52D8444B1C6C6FC7006C8455 /* Resources */,
			);
			buildRules = (
			);
			dependencies = (
			);
			name = TestRepositoryLTC;
			productName = TestRepositoryLTC;
			productReference = 52D8444D1C6C6FC7006C8455 /* TestRepositoryLTC.app */;
			productType = "com.apple.product-type.application";
		};
		52D844601C6C6FC7006C8455 /* TestRepositoryLTCTests */ = {
			isa = PBXNativeTarget;
			buildConfigurationList = 52D8446D1C6C6FC7006C8455 /* Build configuration list for PBXNativeTarget "TestRepositoryLTCTests" */;
			buildPhases = (
				52D8445D1C6C6FC7006C8455 /* Sources */,
				52D8445E1C6C6FC7006C8455 /* Frameworks */,
				52D8445F1C6C6FC7006C8455 /* Resources */,
			);
			buildRules = (
			);
			dependencies = (
				52D844631C6C6FC7006C8455 /* PBXTargetDependency */,
			);
			name = TestRepositoryLTCTests;
			productName = TestRepositoryLTCTests;
			productReference = 52D844611C6C6FC7006C8455 /* TestRepositoryLTCTests.xctest */;
			productType = "com.apple.product-type.bundle.unit-test";
		};
/* End PBXNativeTarget section */

/* Begin PBXProject section */
		52D844451C6C6FC7006C8455 /* Project object */ = {
			isa = PBXProject;
			attributes = {
				LastUpgradeCheck = 0700;
				ORGANIZATIONNAME = LTC;
				TargetAttributes = {
					52D8444C1C6C6FC7006C8455 = {
						CreatedOnToolsVersion = 7.0.1;
					};
					52D844601C6C6FC7006C8455 = {
						CreatedOnToolsVersion = 7.0.1;
						TestTargetID = 52D8444C1C6C6FC7006C8455;
					};
				};
			};
			buildConfigurationList = 52D844481C6C6FC7006C8455 /* Build configuration list for PBXProject "TestRepositoryLTC" */;
			compatibilityVersion = "Xcode 3.2";
			developmentRegion = English;
			hasScannedForEncodings = 0;
			knownRegions = (
				en,
				Base,
			);
			mainGroup = 52D844441C6C6FC7006C8455;
			productRefGroup = 52D8444E1C6C6FC7006C8455 /* Products */;
			projectDirPath = "";
			projectRoot = "";
			targets = (
				52D8444C1C6C6FC7006C8455 /* TestRepositoryLTC */,
				52D844601C6C6FC7006C8455 /* TestRepositoryLTCTests */,
			);
		};
/* End PBXProject section */

/* Begin PBXResourcesBuildPhase section */
		52D8444B1C6C6FC7006C8455 /* Resources */ = {
			isa = PBXResourcesBuildPhase;
			buildActionMask = 2147483647;
			files = (
				52D8445B1C6C6FC7006C8455 /* LaunchScreen.storyboard in Resources */,
				52D844581C6C6FC7006C8455 /* Assets.xcassets in Resources */,
				52D844561C6C6FC7006C8455 /* Main.storyboard in Resources */,
			);
			runOnlyForDeploymentPostprocessing = 0;
		};
		52D8445F1C6C6FC7006C8455 /* Resources */ = {
			isa = PBXResourcesBuildPhase;
			buildActionMask = 2147483647;
			files = (
			);
			runOnlyForDeploymentPostprocessing = 0;
		};
/* End PBXResourcesBuildPhase section */

/* Begin PBXSourcesBuildPhase section */
		52D844491C6C6FC7006C8455 /* Sources */ = {
			isa = PBXSourcesBuildPhase;
			buildActionMask = 2147483647;
			files = (
				4786EE3C1C6C7FD600C3AF02 /* NickViewController.swift in Sources */,
				52D844531C6C6FC7006C8455 /* ViewController.swift in Sources */,
				5284D12F1C6C80FD00A21FA6 /* MintViewController.swift in Sources */,
				52D844511C6C6FC7006C8455 /* AppDelegate.swift in Sources */,
			);
			runOnlyForDeploymentPostprocessing = 0;
		};
		52D8445D1C6C6FC7006C8455 /* Sources */ = {
			isa = PBXSourcesBuildPhase;
			buildActionMask = 2147483647;
			files = (
				52D844661C6C6FC7006C8455 /* TestRepositoryLTCTests.swift in Sources */,
			);
			runOnlyForDeploymentPostprocessing = 0;
		};
/* End PBXSourcesBuildPhase section */

/* Begin PBXTargetDependency section */
		52D844631C6C6FC7006C8455 /* PBXTargetDependency */ = {
			isa = PBXTargetDependency;
			target = 52D8444C1C6C6FC7006C8455 /* TestRepositoryLTC */;
			targetProxy = 52D844621C6C6FC7006C8455 /* PBXContainerItemProxy */;
		};
/* End PBXTargetDependency section */

/* Begin PBXVariantGroup section */
		52D844541C6C6FC7006C8455 /* Main.storyboard */ = {
			isa = PBXVariantGroup;
			children = (
				52D844551C6C6FC7006C8455 /* Base */,
			);
			name = Main.storyboard;
			sourceTree = "<group>";
		};
		52D844591C6C6FC7006C8455 /* LaunchScreen.storyboard */ = {
			isa = PBXVariantGroup;
			children = (
				52D8445A1C6C6FC7006C8455 /* Base */,
			);
			name = LaunchScreen.storyboard;
			sourceTree = "<group>";
		};
/* End PBXVariantGroup section */

/* Begin XCBuildConfiguration section */
		52D844681C6C6FC7006C8455 /* Debug */ = {
			isa = XCBuildConfiguration;
			buildSettings = {
				ALWAYS_SEARCH_USER_PATHS = NO;
				CLANG_CXX_LANGUAGE_STANDARD = "gnu++0x";
				CLANG_CXX_LIBRARY = "libc++";
				CLANG_ENABLE_MODULES = YES;
				CLANG_ENABLE_OBJC_ARC = YES;
				CLANG_WARN_BOOL_CONVERSION = YES;
				CLANG_WARN_CONSTANT_CONVERSION = YES;
				CLANG_WARN_DIRECT_OBJC_ISA_USAGE = YES_ERROR;
				CLANG_WARN_EMPTY_BODY = YES;
				CLANG_WARN_ENUM_CONVERSION = YES;
				CLANG_WARN_INT_CONVERSION = YES;
				CLANG_WARN_OBJC_ROOT_CLASS = YES_ERROR;
				CLANG_WARN_UNREACHABLE_CODE = YES;
				CLANG_WARN__DUPLICATE_METHOD_MATCH = YES;
				"CODE_SIGN_IDENTITY[sdk=iphoneos*]" = "iPhone Developer";
				COPY_PHASE_STRIP = NO;
				DEBUG_INFORMATION_FORMAT = dwarf;
				ENABLE_STRICT_OBJC_MSGSEND = YES;
				ENABLE_TESTABILITY = YES;
				GCC_C_LANGUAGE_STANDARD = gnu99;
				GCC_DYNAMIC_NO_PIC = NO;
				GCC_NO_COMMON_BLOCKS = YES;
				GCC_OPTIMIZATION_LEVEL = 0;
				GCC_PREPROCESSOR_DEFINITIONS = (
					"DEBUG=1",
					"$(inherited)",
				);
				GCC_WARN_64_TO_32_BIT_CONVERSION = YES;
				GCC_WARN_ABOUT_RETURN_TYPE = YES_ERROR;
				GCC_WARN_UNDECLARED_SELECTOR = YES;
				GCC_WARN_UNINITIALIZED_AUTOS = YES_AGGRESSIVE;
				GCC_WARN_UNUSED_FUNCTION = YES;
				GCC_WARN_UNUSED_VARIABLE = YES;
				IPHONEOS_DEPLOYMENT_TARGET = 9.0;
				MTL_ENABLE_DEBUG_INFO = YES;
				ONLY_ACTIVE_ARCH = YES;
				SDKROOT = iphoneos;
				SWIFT_OPTIMIZATION_LEVEL = "-Onone";
				TARGETED_DEVICE_FAMILY = "1,2";
			};
			name = Debug;
		};
		52D844691C6C6FC7006C8455 /* Release */ = {
			isa = XCBuildConfiguration;
			buildSettings = {
				ALWAYS_SEARCH_USER_PATHS = NO;
				CLANG_CXX_LANGUAGE_STANDARD = "gnu++0x";
				CLANG_CXX_LIBRARY = "libc++";
				CLANG_ENABLE_MODULES = YES;
				CLANG_ENABLE_OBJC_ARC = YES;
				CLANG_WARN_BOOL_CONVERSION = YES;
				CLANG_WARN_CONSTANT_CONVERSION = YES;
				CLANG_WARN_DIRECT_OBJC_ISA_USAGE = YES_ERROR;
				CLANG_WARN_EMPTY_BODY = YES;
				CLANG_WARN_ENUM_CONVERSION = YES;
				CLANG_WARN_INT_CONVERSION = YES;
				CLANG_WARN_OBJC_ROOT_CLASS = YES_ERROR;
				CLANG_WARN_UNREACHABLE_CODE = YES;
				CLANG_WARN__DUPLICATE_METHOD_MATCH = YES;
				"CODE_SIGN_IDENTITY[sdk=iphoneos*]" = "iPhone Developer";
				COPY_PHASE_STRIP = NO;
				DEBUG_INFORMATION_FORMAT = "dwarf-with-dsym";
				ENABLE_NS_ASSERTIONS = NO;
				ENABLE_STRICT_OBJC_MSGSEND = YES;
				GCC_C_LANGUAGE_STANDARD = gnu99;
				GCC_NO_COMMON_BLOCKS = YES;
				GCC_WARN_64_TO_32_BIT_CONVERSION = YES;
				GCC_WARN_ABOUT_RETURN_TYPE = YES_ERROR;
				GCC_WARN_UNDECLARED_SELECTOR = YES;
				GCC_WARN_UNINITIALIZED_AUTOS = YES_AGGRESSIVE;
				GCC_WARN_UNUSED_FUNCTION = YES;
				GCC_WARN_UNUSED_VARIABLE = YES;
				IPHONEOS_DEPLOYMENT_TARGET = 9.0;
				MTL_ENABLE_DEBUG_INFO = NO;
				SDKROOT = iphoneos;
				TARGETED_DEVICE_FAMILY = "1,2";
				VALIDATE_PRODUCT = YES;
			};
			name = Release;
		};
		52D8446B1C6C6FC7006C8455 /* Debug */ = {
			isa = XCBuildConfiguration;
			buildSettings = {
				ASSETCATALOG_COMPILER_APPICON_NAME = AppIcon;
				INFOPLIST_FILE = TestRepositoryLTC/Info.plist;
				LD_RUNPATH_SEARCH_PATHS = "$(inherited) @executable_path/Frameworks";
				PRODUCT_BUNDLE_IDENTIFIER = com.ltc.TestRepositoryLTC;
				PRODUCT_NAME = "$(TARGET_NAME)";
			};
			name = Debug;
		};
		52D8446C1C6C6FC7006C8455 /* Release */ = {
			isa = XCBuildConfiguration;
			buildSettings = {
				ASSETCATALOG_COMPILER_APPICON_NAME = AppIcon;
				INFOPLIST_FILE = TestRepositoryLTC/Info.plist;
				LD_RUNPATH_SEARCH_PATHS = "$(inherited) @executable_path/Frameworks";
				PRODUCT_BUNDLE_IDENTIFIER = com.ltc.TestRepositoryLTC;
				PRODUCT_NAME = "$(TARGET_NAME)";
			};
			name = Release;
		};
		52D8446E1C6C6FC7006C8455 /* Debug */ = {
			isa = XCBuildConfiguration;
			buildSettings = {
				BUNDLE_LOADER = "$(TEST_HOST)";
				INFOPLIST_FILE = TestRepositoryLTCTests/Info.plist;
				LD_RUNPATH_SEARCH_PATHS = "$(inherited) @executable_path/Frameworks @loader_path/Frameworks";
				PRODUCT_BUNDLE_IDENTIFIER = com.ltc.TestRepositoryLTCTests;
				PRODUCT_NAME = "$(TARGET_NAME)";
				TEST_HOST = "$(BUILT_PRODUCTS_DIR)/TestRepositoryLTC.app/TestRepositoryLTC";
			};
			name = Debug;
		};
		52D8446F1C6C6FC7006C8455 /* Release */ = {
			isa = XCBuildConfiguration;
			buildSettings = {
				BUNDLE_LOADER = "$(TEST_HOST)";
				INFOPLIST_FILE = TestRepositoryLTCTests/Info.plist;
				LD_RUNPATH_SEARCH_PATHS = "$(inherited) @executable_path/Frameworks @loader_path/Frameworks";
				PRODUCT_BUNDLE_IDENTIFIER = com.ltc.TestRepositoryLTCTests;
				PRODUCT_NAME = "$(TARGET_NAME)";
				TEST_HOST = "$(BUILT_PRODUCTS_DIR)/TestRepositoryLTC.app/TestRepositoryLTC";
			};
			name = Release;
		};
/* End XCBuildConfiguration section */

/* Begin XCConfigurationList section */
		52D844481C6C6FC7006C8455 /* Build configuration list for PBXProject "TestRepositoryLTC" */ = {
			isa = XCConfigurationList;
			buildConfigurations = (
				52D844681C6C6FC7006C8455 /* Debug */,
				52D844691C6C6FC7006C8455 /* Release */,
			);
			defaultConfigurationIsVisible = 0;
			defaultConfigurationName = Release;
		};
		52D8446A1C6C6FC7006C8455 /* Build configuration list for PBXNativeTarget "TestRepositoryLTC" */ = {
			isa = XCConfigurationList;
			buildConfigurations = (
				52D8446B1C6C6FC7006C8455 /* Debug */,
				52D8446C1C6C6FC7006C8455 /* Release */,
			);
			defaultConfigurationIsVisible = 0;
			defaultConfigurationName = Release;
		};
		52D8446D1C6C6FC7006C8455 /* Build configuration list for PBXNativeTarget "TestRepositoryLTCTests" */ = {
			isa = XCConfigurationList;
			buildConfigurations = (
				52D8446E1C6C6FC7006C8455 /* Debug */,
				52D8446F1C6C6FC7006C8455 /* Release */,
			);
			defaultConfigurationIsVisible = 0;
			defaultConfigurationName = Release;
		};
/* End XCConfigurationList section */
	};
	rootObject = 52D844451C6C6FC7006C8455 /* Project object */;
}
